{
  "name": "mdvue",
  "version": "0.0.1",
  "lockfileVersion": 1,
  "requires": true,
  "dependencies": {
    "saber-markdown": {
      "version": "0.0.3",
      "resolved": "https://registry.npmjs.org/saber-markdown/-/saber-markdown-0.0.3.tgz",
      "integrity": "sha512-Eu9vom2KqDY9a4/7gyU3QUG2QfLpu0+Yt48TZ5OZqW3ER77xutu7VKOJvjmIpo9ma9rgeKCpEQjYHAlpKC+bGw=="
    }
  }
}
